
Microsoft Visual Studio Solution File, Format Version 12.00
# Visual Studio Version 16
VisualStudioVersion = 16.0.30406.217
MinimumVisualStudioVersion = 10.0.40219.1
Project("{FAE04EC0-301F-11D3-BF4B-00C04F79EFBC}") = "App1Test.Android", "App1Test\App1Test.Android\App1Test.Android.csproj", "{EFFB6DA8-7B9D-4E7A-8B40-8B8DCD34FC61}"
EndProject
Project("{FAE04EC0-301F-11D3-BF4B-00C04F79EFBC}") = "App1Test.iOS", "App1Test\App1Test.iOS\App1Test.iOS.csproj", "{2D127ECC-31B5-40B7-8BB8-C0E2CF53E6C9}"
EndProject
Project("{9A19103F-16F7-4668-BE54-9A1E7A4F7556}") = "App1Test", "App1Test\App1Test\App1Test.csproj", "{C1ADA516-0BAF-443A-8D3F-AFB18413F229}"
EndProject
Global
	GlobalSection(SolutionConfigurationPlatforms) = preSolution
		Debug|Any CPU = Debug|Any CPU
		Debug|iPhone = Debug|iPhone
		Debug|iPhoneSimulator = Debug|iPhoneSimulator
		Release|Any CPU = Release|Any CPU
		Release|iPhone = Release|iPhone
		Release|iPhoneSimulator = Release|iPhoneSimulator
	EndGlobalSection
	GlobalSection(ProjectConfigurationPlatforms) = postSolution
		{EFFB6DA8-7B9D-4E7A-8B40-8B8DCD34FC61}.Debug|Any CPU.ActiveCfg = Debug|Any CPU
		{EFFB6DA8-7B9D-4E7A-8B40-8B8DCD34FC61}.Debug|Any CPU.Build.0 = Debug|Any CPU
		{EFFB6DA8-7B9D-4E7A-8B40-8B8DCD34FC61}.Debug|Any CPU.Deploy.0 = Debug|Any CPU
		{EFFB6DA8-7B9D-4E7A-8B40-8B8DCD34FC61}.Debug|iPhone.ActiveCfg = Debug|Any CPU
		{EFFB6DA8-7B9D-4E7A-8B40-8B8DCD34FC61}.Debug|iPhone.Build.0 = Debug|Any CPU
		{EFFB6DA8-7B9D-4E7A-8B40-8B8DCD34FC61}.Debug|iPhone.Deploy.0 = Debug|Any CPU
		{EFFB6DA8-7B9D-4E7A-8B40-8B8DCD34FC61}.Debug|iPhoneSimulator.ActiveCfg = Debug|Any CPU
		{EFFB6DA8-7B9D-4E7A-8B40-8B8DCD34FC61}.Debug|iPhoneSimulator.Build.0 = Debug|Any CPU
		{EFFB6DA8-7B9D-4E7A-8B40-8B8DCD34FC61}.Debug|iPhoneSimulator.Deploy.0 = Debug|Any CPU
		{EFFB6DA8-7B9D-4E7A-8B40-8B8DCD34FC61}.Release|Any CPU.ActiveCfg = Release|Any CPU
		{EFFB6DA8-7B9D-4E7A-8B40-8B8DCD34FC61}.Release|Any CPU.Build.0 = Release|Any CPU
		{EFFB6DA8-7B9D-4E7A-8B40-8B8DCD34FC61}.Release|Any CPU.Deploy.0 = Release|Any CPU
		{EFFB6DA8-7B9D-4E7A-8B40-8B8DCD34FC61}.Release|iPhone.ActiveCfg = Release|Any CPU
		{EFFB6DA8-7B9D-4E7A-8B40-8B8DCD34FC61}.Release|iPhone.Build.0 = Release|Any CPU
		{EFFB6DA8-7B9D-4E7A-8B40-8B8DCD34FC61}.Release|iPhone.Deploy.0 = Release|Any CPU
		{EFFB6DA8-7B9D-4E7A-8B40-8B8DCD34FC61}.Release|iPhoneSimulator.ActiveCfg = Release|Any CPU
		{EFFB6DA8-7B9D-4E7A-8B40-8B8DCD34FC61}.Release|iPhoneSimulator.Build.0 = Release|Any CPU
		{EFFB6DA8-7B9D-4E7A-8B40-8B8DCD34FC61}.Release|iPhoneSimulator.Deploy.0 = Release|Any CPU
		{2D127ECC-31B5-40B7-8BB8-C0E2CF53E6C9}.Debug|Any CPU.ActiveCfg = Debug|iPhone
		{2D127ECC-31B5-40B7-8BB8-C0E2CF53E6C9}.Debug|Any CPU.Deploy.0 = Debug|iPhone
		{2D127ECC-31B5-40B7-8BB8-C0E2CF53E6C9}.Debug|iPhone.ActiveCfg = Debug|iPhone
		{2D127ECC-31B5-40B7-8BB8-C0E2CF53E6C9}.Debug|iPhone.Build.0 = Debug|iPhone
		{2D127ECC-31B5-40B7-8BB8-C0E2CF53E6C9}.Debug|iPhone.Deploy.0 = Debug|iPhone
		{2D127ECC-31B5-40B7-8BB8-C0E2CF53E6C9}.Debug|iPhoneSimulator.ActiveCfg = Debug|iPhoneSimulator
		{2D127ECC-31B5-40B7-8BB8-C0E2CF53E6C9}.Debug|iPhoneSimulator.Build.0 = Debug|iPhoneSimulator
		{2D127ECC-31B5-40B7-8BB8-C0E2CF53E6C9}.Debug|iPhoneSimulator.Deploy.0 = Debug|iPhoneSimulator
		{2D127ECC-31B5-40B7-8BB8-C0E2CF53E6C9}.Release|Any CPU.ActiveCfg = Release|iPhone
		{2D127ECC-31B5-40B7-8BB8-C0E2CF53E6C9}.Release|Any CPU.Build.0 = Release|iPhone
		{2D127ECC-31B5-40B7-8BB8-C0E2CF53E6C9}.Release|Any CPU.Deploy.0 = Release|iPhone
		{2D127ECC-31B5-40B7-8BB8-C0E2CF53E6C9}.Release|iPhone.ActiveCfg = Release|iPhone
		{2D127ECC-31B5-40B7-8BB8-C0E2CF53E6C9}.Release|iPhone.Build.0 = Release|iPhone
		{2D127ECC-31B5-40B7-8BB8-C0E2CF53E6C9}.Release|iPhone.Deploy.0 = Release|iPhone
		{2D127ECC-31B5-40B7-8BB8-C0E2CF53E6C9}.Release|iPhoneSimulator.ActiveCfg = Release|iPhoneSimulator
		{2D127ECC-31B5-40B7-8BB8-C0E2CF53E6C9}.Release|iPhoneSimulator.Build.0 = Release|iPhoneSimulator
		{2D127ECC-31B5-40B7-8BB8-C0E2CF53E6C9}.Release|iPhoneSimulator.Deploy.0 = Release|iPhoneSimulator
		{C1ADA516-0BAF-443A-8D3F-AFB18413F229}.Debug|Any CPU.ActiveCfg = Debug|Any CPU
		{C1ADA516-0BAF-443A-8D3F-AFB18413F229}.Debug|Any CPU.Build.0 = Debug|Any CPU
		{C1ADA516-0BAF-443A-8D3F-AFB18413F229}.Debug|Any CPU.Deploy.0 = Debug|Any CPU
		{C1ADA516-0BAF-443A-8D3F-AFB18413F229}.Debug|iPhone.ActiveCfg = Debug|Any CPU
		{C1ADA516-0BAF-443A-8D3F-AFB18413F229}.Debug|iPhone.Build.0 = Debug|Any CPU
		{C1ADA516-0BAF-443A-8D3F-AFB18413F229}.Debug|iPhone.Deploy.0 = Debug|Any CPU
		{C1ADA516-0BAF-443A-8D3F-AFB18413F229}.Debug|iPhoneSimulator.ActiveCfg = Debug|Any CPU
		{C1ADA516-0BAF-443A-8D3F-AFB18413F229}.Debug|iPhoneSimulator.Build.0 = Debug|Any CPU
		{C1ADA516-0BAF-443A-8D3F-AFB18413F229}.Debug|iPhoneSimulator.Deploy.0 = Debug|Any CPU
		{C1ADA516-0BAF-443A-8D3F-AFB18413F229}.Release|Any CPU.ActiveCfg = Release|Any CPU
		{C1ADA516-0BAF-443A-8D3F-AFB18413F229}.Release|Any CPU.Build.0 = Release|Any CPU
		{C1ADA516-0BAF-443A-8D3F-AFB18413F229}.Release|Any CPU.Deploy.0 = Release|Any CPU
		{C1ADA516-0BAF-443A-8D3F-AFB18413F229}.Release|iPhone.ActiveCfg = Release|Any CPU
		{C1ADA516-0BAF-443A-8D3F-AFB18413F229}.Release|iPhone.Build.0 = Release|Any CPU
		{C1ADA516-0BAF-443A-8D3F-AFB18413F229}.Release|iPhone.Deploy.0 = Release|Any CPU
		{C1ADA516-0BAF-443A-8D3F-AFB18413F229}.Release|iPhoneSimulator.ActiveCfg = Release|Any CPU
		{C1ADA516-0BAF-443A-8D3F-AFB18413F229}.Release|iPhoneSimulator.Build.0 = Release|Any CPU
		{C1ADA516-0BAF-443A-8D3F-AFB18413F229}.Release|iPhoneSimulator.Deploy.0 = Release|Any CPU
	EndGlobalSection
	GlobalSection(SolutionProperties) = preSolution
		HideSolutionNode = FALSE
	EndGlobalSection
	GlobalSection(ExtensibilityGlobals) = postSolution
		SolutionGuid = {514B5D72-470E-4B94-B911-AE999C9E3559}
	EndGlobalSection
EndGlobal
